PODS:
  - Alamofire (5.4.1)
  - ARCoreLocation (0.1.10)
  - Charts (3.6.0):
    - Charts/Core (= 3.6.0)
  - Charts/Core (3.6.0)
  - DragDropiOS (0.3.0)
  - Google-Maps-iOS-Utils (3.4.2):
    - Google-Maps-iOS-Utils/Clustering (= 3.4.2)
    - Google-Maps-iOS-Utils/Geometry (= 3.4.2)
    - Google-Maps-iOS-Utils/Heatmap (= 3.4.2)
    - Google-Maps-iOS-Utils/QuadTree (= 3.4.2)
    - GoogleMaps
  - Google-Maps-iOS-Utils/Clustering (3.4.2):
    - Google-Maps-iOS-Utils/QuadTree
    - GoogleMaps
  - Google-Maps-iOS-Utils/Geometry (3.4.2):
    - GoogleMaps
  - Google-Maps-iOS-Utils/Heatmap (3.4.2):
    - Google-Maps-iOS-Utils/QuadTree
    - GoogleMaps
  - Google-Maps-iOS-Utils/QuadTree (3.4.2):
    - GoogleMaps
  - GoogleMaps (4.1.0):
    - GoogleMaps/Maps (= 4.1.0)
  - GoogleMaps/Base (4.1.0)
  - GoogleMaps/Maps (4.1.0):
    - GoogleMaps/Base
  - GooglePlaces (4.1.0):
    - GoogleMaps/Base (= 4.1.0)
  - Kingfisher (6.0.1)
  - SwiftyJSON (5.0.0)
  - TLPhotoPicker (2.1.3)
  - TTGTagCollectionView (1.11.1)

DEPENDENCIES:
  - Alamofire
  - ARCoreLocation
  - Charts
  - DragDropiOS
  - Google-Maps-iOS-Utils
  - GoogleMaps
  - GooglePlaces
  - Kingfisher
  - SwiftyJSON
  - TLPhotoPicker
  - TTGTagCollectionView

SPEC REPOS:
  trunk:
    - Alamofire
    - ARCoreLocation
    - Charts
    - DragDropiOS
    - Google-Maps-iOS-Utils
    - GoogleMaps
    - GooglePlaces
    - Kingfisher
    - SwiftyJSON
    - TLPhotoPicker
    - TTGTagCollectionView

SPEC CHECKSUMS:
  Alamofire: 2291f7d21ca607c491dd17642e5d40fdcda0e65c
  ARCoreLocation: 882098e235b46438d5de66249dd67d4b5a9fd06b
  Charts: b1e3a1f5a1c9ba5394438ca3b91bd8c9076310af
  DragDropiOS: b7334e5c3dff2fe6e6ceb11d24e16eae14922e1a
  Google-Maps-iOS-Utils: e8826ab68a4f81355a8e70678507a93cc6aab06b
  GoogleMaps: 008e2c80e38605b56b560e8deb73d4194ff30bef
  GooglePlaces: a058b776259c13e1323c9ff135549cb1b13ad8e7
  Kingfisher: adde87a4f74f6a3845395769354efff593581740
  SwiftyJSON: 36413e04c44ee145039d332b4f4e2d3e8d6c4db7
  TLPhotoPicker: 2c4a20d62952bd368edbf44d18476f663a718ada
  TTGTagCollectionView: 86fcbfa6a7493c9e860b01c2e693cffc8acf6de1

PODFILE CHECKSUM: 04e4a5162b5ff39347284ea4df0135a1d3587920

COCOAPODS: 1.10.0
